
Microsoft Visual Studio Solution File, Format Version 12.00
# Visual Studio Version 16
VisualStudioVersion = 16.0.30503.244
MinimumVisualStudioVersion = 10.0.40219.1
Project("{FAE04EC0-301F-11D3-BF4B-00C04F79EFBC}") = "ValaisBooking2020", "ValaisBooking2020\ValaisBooking2020.csproj", "{9E557DA5-C4F0-4463-9488-EB89A8C8C71C}"
EndProject
Project("{FAE04EC0-301F-11D3-BF4B-00C04F79EFBC}") = "ConsoleApp", "ConsoleApp\ConsoleApp.csproj", "{5DDAE6BF-2A95-4F26-A13A-79A159A4F7A4}"
EndProject
Project("{FAE04EC0-301F-11D3-BF4B-00C04F79EFBC}") = "DAL", "DAL\DAL.csproj", "{AC7C447B-A14A-41A0-8C13-503C6CC55253}"
EndProject
Project("{FAE04EC0-301F-11D3-BF4B-00C04F79EFBC}") = "BLL", "BLL\BLL.csproj", "{0CB92EA9-0AF0-480C-B57A-B18827EBAB2D}"
EndProject
Project("{FAE04EC0-301F-11D3-BF4B-00C04F79EFBC}") = "DTO", "DTO\DTO.csproj", "{ABB26F01-4C6B-47FC-8CE2-8BF3B1E660F1}"
EndProject
Global
	GlobalSection(SolutionConfigurationPlatforms) = preSolution
		Debug|Any CPU = Debug|Any CPU
		Release|Any CPU = Release|Any CPU
	EndGlobalSection
	GlobalSection(ProjectConfigurationPlatforms) = postSolution
		{9E557DA5-C4F0-4463-9488-EB89A8C8C71C}.Debug|Any CPU.ActiveCfg = Debug|Any CPU
		{9E557DA5-C4F0-4463-9488-EB89A8C8C71C}.Debug|Any CPU.Build.0 = Debug|Any CPU
		{9E557DA5-C4F0-4463-9488-EB89A8C8C71C}.Release|Any CPU.ActiveCfg = Release|Any CPU
		{9E557DA5-C4F0-4463-9488-EB89A8C8C71C}.Release|Any CPU.Build.0 = Release|Any CPU
		{5DDAE6BF-2A95-4F26-A13A-79A159A4F7A4}.Debug|Any CPU.ActiveCfg = Debug|Any CPU
		{5DDAE6BF-2A95-4F26-A13A-79A159A4F7A4}.Debug|Any CPU.Build.0 = Debug|Any CPU
		{5DDAE6BF-2A95-4F26-A13A-79A159A4F7A4}.Release|Any CPU.ActiveCfg = Release|Any CPU
		{5DDAE6BF-2A95-4F26-A13A-79A159A4F7A4}.Release|Any CPU.Build.0 = Release|Any CPU
		{AC7C447B-A14A-41A0-8C13-503C6CC55253}.Debug|Any CPU.ActiveCfg = Debug|Any CPU
		{AC7C447B-A14A-41A0-8C13-503C6CC55253}.Debug|Any CPU.Build.0 = Debug|Any CPU
		{AC7C447B-A14A-41A0-8C13-503C6CC55253}.Release|Any CPU.ActiveCfg = Release|Any CPU
		{AC7C447B-A14A-41A0-8C13-503C6CC55253}.Release|Any CPU.Build.0 = Release|Any CPU
		{0CB92EA9-0AF0-480C-B57A-B18827EBAB2D}.Debug|Any CPU.ActiveCfg = Debug|Any CPU
		{0CB92EA9-0AF0-480C-B57A-B18827EBAB2D}.Debug|Any CPU.Build.0 = Debug|Any CPU
		{0CB92EA9-0AF0-480C-B57A-B18827EBAB2D}.Release|Any CPU.ActiveCfg = Release|Any CPU
		{0CB92EA9-0AF0-480C-B57A-B18827EBAB2D}.Release|Any CPU.Build.0 = Release|Any CPU
		{ABB26F01-4C6B-47FC-8CE2-8BF3B1E660F1}.Debug|Any CPU.ActiveCfg = Debug|Any CPU
		{ABB26F01-4C6B-47FC-8CE2-8BF3B1E660F1}.Debug|Any CPU.Build.0 = Debug|Any CPU
		{ABB26F01-4C6B-47FC-8CE2-8BF3B1E660F1}.Release|Any CPU.ActiveCfg = Release|Any CPU
		{ABB26F01-4C6B-47FC-8CE2-8BF3B1E660F1}.Release|Any CPU.Build.0 = Release|Any CPU
	EndGlobalSection
	GlobalSection(SolutionProperties) = preSolution
		HideSolutionNode = FALSE
	EndGlobalSection
	GlobalSection(ExtensibilityGlobals) = postSolution
		SolutionGuid = {99498EF4-53B2-4E26-833C-9E2A7B96263F}
	EndGlobalSection
EndGlobal
